// !$*UTF8*$!
{
	archiveVersion = 1;
	classes = {
	};
	objectVersion = 77;
	objects = {

/* Begin PBXContainerItemProxy section */
		D5E62D1E2CB65C8F00049856 /* PBXContainerItemProxy */ = {
			isa = PBXContainerItemProxy;
			containerPortal = D5E62D052CB65C8A00049856 /* Project object */;
			proxyType = 1;
			remoteGlobalIDString = D5E62D0C2CB65C8A00049856;
			remoteInfo = JobHunter;
		};
		D5E62D282CB65C8F00049856 /* PBXContainerItemProxy */ = {
			isa = PBXContainerItemProxy;
			containerPortal = D5E62D052CB65C8A00049856 /* Project object */;
			proxyType = 1;
			remoteGlobalIDString = D5E62D0C2CB65C8A00049856;
			remoteInfo = JobHunter;
		};
/* End PBXContainerItemProxy section */

/* Begin PBXFileReference section */
		D5E62D0D2CB65C8A00049856 /* JobHunter.app */ = {isa = PBXFileReference; explicitFileType = wrapper.application; includeInIndex = 0; path = JobHunter.app; sourceTree = BUILT_PRODUCTS_DIR; };
		D5E62D1D2CB65C8F00049856 /* JobHunterTests.xctest */ = {isa = PBXFileReference; explicitFileType = wrapper.cfbundle; includeInIndex = 0; path = JobHunterTests.xctest; sourceTree = BUILT_PRODUCTS_DIR; };
		D5E62D272CB65C8F00049856 /* JobHunterUITests.xctest */ = {isa = PBXFileReference; explicitFileType = wrapper.cfbundle; includeInIndex = 0; path = JobHunterUITests.xctest; sourceTree = BUILT_PRODUCTS_DIR; };
/* End PBXFileReference section */

/* Begin PBXFileSystemSynchronizedRootGroup section */
		D5E62D0F2CB65C8A00049856 /* JobHunter */ = {
			isa = PBXFileSystemSynchronizedRootGroup;
			path = JobHunter;
			sourceTree = "<group>";
		};
		D5E62D202CB65C8F00049856 /* JobHunterTests */ = {
			isa = PBXFileSystemSynchronizedRootGroup;
			path = JobHunterTests;
			sourceTree = "<group>";
		};
		D5E62D2A2CB65C8F00049856 /* JobHunterUITests */ = {
			isa = PBXFileSystemSynchronizedRootGroup;
			path = JobHunterUITests;
			sourceTree = "<group>";
		};
/* End PBXFileSystemSynchronizedRootGroup section */

/* Begin PBXFrameworksBuildPhase section */
		D5E62D0A2CB65C8A00049856 /* Frameworks */ = {
			isa = PBXFrameworksBuildPhase;
			buildActionMask = 2147483647;
			files = (
			);
			runOnlyForDeploymentPostprocessing = 0;
		};
		D5E62D1A2CB65C8F00049856 /* Frameworks */ = {
			isa = PBXFrameworksBuildPhase;
			buildActionMask = 2147483647;
			files = (
			);
			runOnlyForDeploymentPostprocessing = 0;
		};
		D5E62D242CB65C8F00049856 /* Frameworks */ = {
			isa = PBXFrameworksBuildPhase;
			buildActionMask = 2147483647;
			files = (
			);
			runOnlyForDeploymentPostprocessing = 0;
		};
/* End PBXFrameworksBuildPhase section */

/* Begin PBXGroup section */
		D5E62D042CB65C8A00049856 = {
			isa = PBXGroup;
			children = (
				D5E62D0F2CB65C8A00049856 /* JobHunter */,
				D5E62D202CB65C8F00049856 /* JobHunterTests */,
				D5E62D2A2CB65C8F00049856 /* JobHunterUITests */,
				D5E62D0E2CB65C8A00049856 /* Products */,
			);
			sourceTree = "<group>";
		};
		D5E62D0E2CB65C8A00049856 /* Products */ = {
			isa = PBXGroup;
			children = (
				D5E62D0D2CB65C8A00049856 /* JobHunter.app */,
				D5E62D1D2CB65C8F00049856 /* JobHunterTests.xctest */,
				D5E62D272CB65C8F00049856 /* JobHunterUITests.xctest */,
			);
			name = Products;
			sourceTree = "<group>";
		};
/* End PBXGroup section */

/* Begin PBXNativeTarget section */
		D5E62D0C2CB65C8A00049856 /* JobHunter */ = {
			isa = PBXNativeTarget;
			buildConfigurationList = D5E62D312CB65C8F00049856 /* Build configuration list for PBXNativeTarget "JobHunter" */;
			buildPhases = (
				D5E62D092CB65C8A00049856 /* Sources */,
				D5E62D0A2CB65C8A00049856 /* Frameworks */,
				D5E62D0B2CB65C8A00049856 /* Resources */,
			);
			buildRules = (
			);
			dependencies = (
			);
			fileSystemSynchronizedGroups = (
				D5E62D0F2CB65C8A00049856 /* JobHunter */,
			);
			name = JobHunter;
			packageProductDependencies = (
			);
			productName = JobHunter;
			productReference = D5E62D0D2CB65C8A00049856 /* JobHunter.app */;
			productType = "com.apple.product-type.application";
		};
		D5E62D1C2CB65C8F00049856 /* JobHunterTests */ = {
			isa = PBXNativeTarget;
			buildConfigurationList = D5E62D342CB65C8F00049856 /* Build configuration list for PBXNativeTarget "JobHunterTests" */;
			buildPhases = (
				D5E62D192CB65C8F00049856 /* Sources */,
				D5E62D1A2CB65C8F00049856 /* Frameworks */,
				D5E62D1B2CB65C8F00049856 /* Resources */,
			);
			buildRules = (
			);
			dependencies = (
				D5E62D1F2CB65C8F00049856 /* PBXTargetDependency */,
			);
			fileSystemSynchronizedGroups = (
				D5E62D202CB65C8F00049856 /* JobHunterTests */,
			);
			name = JobHunterTests;
			packageProductDependencies = (
			);
			productName = JobHunterTests;
			productReference = D5E62D1D2CB65C8F00049856 /* JobHunterTests.xctest */;
			productType = "com.apple.product-type.bundle.unit-test";
		};
		D5E62D262CB65C8F00049856 /* JobHunterUITests */ = {
			isa = PBXNativeTarget;
			buildConfigurationList = D5E62D372CB65C8F00049856 /* Build configuration list for PBXNativeTarget "JobHunterUITests" */;
			buildPhases = (
				D5E62D232CB65C8F00049856 /* Sources */,
				D5E62D242CB65C8F00049856 /* Frameworks */,
				D5E62D252CB65C8F00049856 /* Resources */,
			);
			buildRules = (
			);
			dependencies = (
				D5E62D292CB65C8F00049856 /* PBXTargetDependency */,
			);
			fileSystemSynchronizedGroups = (
				D5E62D2A2CB65C8F00049856 /* JobHunterUITests */,
			);
			name = JobHunterUITests;
			packageProductDependencies = (
			);
			productName = JobHunterUITests;
			productReference = D5E62D272CB65C8F00049856 /* JobHunterUITests.xctest */;
			productType = "com.apple.product-type.bundle.ui-testing";
		};
/* End PBXNativeTarget section */

/* Begin PBXProject section */
		D5E62D052CB65C8A00049856 /* Project object */ = {
			isa = PBXProject;
			attributes = {
				BuildIndependentTargetsInParallel = 1;
				LastSwiftUpdateCheck = 1600;
				LastUpgradeCheck = 1600;
				TargetAttributes = {
					D5E62D0C2CB65C8A00049856 = {
						CreatedOnToolsVersion = 16.0;
					};
					D5E62D1C2CB65C8F00049856 = {
						CreatedOnToolsVersion = 16.0;
						TestTargetID = D5E62D0C2CB65C8A00049856;
					};
					D5E62D262CB65C8F00049856 = {
						CreatedOnToolsVersion = 16.0;
						TestTargetID = D5E62D0C2CB65C8A00049856;
					};
				};
			};
			buildConfigurationList = D5E62D082CB65C8A00049856 /* Build configuration list for PBXProject "JobHunter" */;
			developmentRegion = en;
			hasScannedForEncodings = 0;
			knownRegions = (
				en,
				Base,
			);
			mainGroup = D5E62D042CB65C8A00049856;
			minimizedProjectReferenceProxies = 1;
			preferredProjectObjectVersion = 77;
			productRefGroup = D5E62D0E2CB65C8A00049856 /* Products */;
			projectDirPath = "";
			projectRoot = "";
			targets = (
				D5E62D0C2CB65C8A00049856 /* JobHunter */,
				D5E62D1C2CB65C8F00049856 /* JobHunterTests */,
				D5E62D262CB65C8F00049856 /* JobHunterUITests */,
			);
		};
/* End PBXProject section */

/* Begin PBXResourcesBuildPhase section */
		D5E62D0B2CB65C8A00049856 /* Resources */ = {
			isa = PBXResourcesBuildPhase;
			buildActionMask = 2147483647;
			files = (
			);
			runOnlyForDeploymentPostprocessing = 0;
		};
		D5E62D1B2CB65C8F00049856 /* Resources */ = {
			isa = PBXResourcesBuildPhase;
			buildActionMask = 2147483647;
			files = (
			);
			runOnlyForDeploymentPostprocessing = 0;
		};
		D5E62D252CB65C8F00049856 /* Resources */ = {
			isa = PBXResourcesBuildPhase;
			buildActionMask = 2147483647;
			files = (
			);
			runOnlyForDeploymentPostprocessing = 0;
		};
/* End PBXResourcesBuildPhase section */

/* Begin PBXSourcesBuildPhase section */
		D5E62D092CB65C8A00049856 /* Sources */ = {
			isa = PBXSourcesBuildPhase;
			buildActionMask = 2147483647;
			files = (
			);
			runOnlyForDeploymentPostprocessing = 0;
		};
		D5E62D192CB65C8F00049856 /* Sources */ = {
			isa = PBXSourcesBuildPhase;
			buildActionMask = 2147483647;
			files = (
			);
			runOnlyForDeploymentPostprocessing = 0;
		};
		D5E62D232CB65C8F00049856 /* Sources */ = {
			isa = PBXSourcesBuildPhase;
			buildActionMask = 2147483647;
			files = (
			);
			runOnlyForDeploymentPostprocessing = 0;
		};
/* End PBXSourcesBuildPhase section */

/* Begin PBXTargetDependency section */
		D5E62D1F2CB65C8F00049856 /* PBXTargetDependency */ = {
			isa = PBXTargetDependency;
			target = D5E62D0C2CB65C8A00049856 /* JobHunter */;
			targetProxy = D5E62D1E2CB65C8F00049856 /* PBXContainerItemProxy */;
		};
		D5E62D292CB65C8F00049856 /* PBXTargetDependency */ = {
			isa = PBXTargetDependency;
			target = D5E62D0C2CB65C8A00049856 /* JobHunter */;
			targetProxy = D5E62D282CB65C8F00049856 /* PBXContainerItemProxy */;
		};
/* End PBXTargetDependency section */

/* Begin XCBuildConfiguration section */
		D5E62D2F2CB65C8F00049856 /* Debug */ = {
			isa = XCBuildConfiguration;
			buildSettings = {
				ALWAYS_SEARCH_USER_PATHS = NO;
				ASSETCATALOG_COMPILER_GENERATE_SWIFT_ASSET_SYMBOL_EXTENSIONS = YES;
				CLANG_ANALYZER_NONNULL = YES;
				CLANG_ANALYZER_NUMBER_OBJECT_CONVERSION = YES_AGGRESSIVE;
				CLANG_CXX_LANGUAGE_STANDARD = "gnu++20";
				CLANG_ENABLE_MODULES = YES;
				CLANG_ENABLE_OBJC_ARC = YES;
				CLANG_ENABLE_OBJC_WEAK = YES;
				CLANG_WARN_BLOCK_CAPTURE_AUTORELEASING = YES;
				CLANG_WARN_BOOL_CONVERSION = YES;
				CLANG_WARN_COMMA = YES;
				CLANG_WARN_CONSTANT_CONVERSION = YES;
				CLANG_WARN_DEPRECATED_OBJC_IMPLEMENTATIONS = YES;
				CLANG_WARN_DIRECT_OBJC_ISA_USAGE = YES_ERROR;
				CLANG_WARN_DOCUMENTATION_COMMENTS = YES;
				CLANG_WARN_EMPTY_BODY = YES;
				CLANG_WARN_ENUM_CONVERSION = YES;
				CLANG_WARN_INFINITE_RECURSION = YES;
				CLANG_WARN_INT_CONVERSION = YES;
				CLANG_WARN_NON_LITERAL_NULL_CONVERSION = YES;
				CLANG_WARN_OBJC_IMPLICIT_RETAIN_SELF = YES;
				CLANG_WARN_OBJC_LITERAL_CONVERSION = YES;
				CLANG_WARN_OBJC_ROOT_CLASS = YES_ERROR;
				CLANG_WARN_QUOTED_INCLUDE_IN_FRAMEWORK_HEADER = YES;
				CLANG_WARN_RANGE_LOOP_ANALYSIS = YES;
				CLANG_WARN_STRICT_PROTOTYPES = YES;
				CLANG_WARN_SUSPICIOUS_MOVE = YES;
				CLANG_WARN_UNGUARDED_AVAILABILITY = YES_AGGRESSIVE;
				CLANG_WARN_UNREACHABLE_CODE = YES;
				CLANG_WARN__DUPLICATE_METHOD_MATCH = YES;
				COPY_PHASE_STRIP = NO;
				DEBUG_INFORMATION_FORMAT = dwarf;
				ENABLE_STRICT_OBJC_MSGSEND = YES;
				ENABLE_TESTABILITY = YES;
				ENABLE_USER_SCRIPT_SANDBOXING = YES;
				GCC_C_LANGUAGE_STANDARD = gnu17;
				GCC_DYNAMIC_NO_PIC = NO;
				GCC_NO_COMMON_BLOCKS = YES;
				GCC_OPTIMIZATION_LEVEL = 0;
				GCC_PREPROCESSOR_DEFINITIONS = (
					"DEBUG=1",
					"$(inherited)",
				);
				GCC_WARN_64_TO_32_BIT_CONVERSION = YES;
				GCC_WARN_ABOUT_RETURN_TYPE = YES_ERROR;
				GCC_WARN_UNDECLARED_SELECTOR = YES;
				GCC_WARN_UNINITIALIZED_AUTOS = YES_AGGRESSIVE;
				GCC_WARN_UNUSED_FUNCTION = YES;
				GCC_WARN_UNUSED_VARIABLE = YES;
				IPHONEOS_DEPLOYMENT_TARGET = 18.0;
				LOCALIZATION_PREFERS_STRING_CATALOGS = YES;
				MTL_ENABLE_DEBUG_INFO = INCLUDE_SOURCE;
				MTL_FAST_MATH = YES;
				ONLY_ACTIVE_ARCH = YES;
				SDKROOT = iphoneos;
				SWIFT_ACTIVE_COMPILATION_CONDITIONS = "DEBUG $(inherited)";
				SWIFT_OPTIMIZATION_LEVEL = "-Onone";
			};
			name = Debug;
		};
		D5E62D302CB65C8F00049856 /* Release */ = {
			isa = XCBuildConfiguration;
			buildSettings = {
				ALWAYS_SEARCH_USER_PATHS = NO;
				ASSETCATALOG_COMPILER_GENERATE_SWIFT_ASSET_SYMBOL_EXTENSIONS = YES;
				CLANG_ANALYZER_NONNULL = YES;
				CLANG_ANALYZER_NUMBER_OBJECT_CONVERSION = YES_AGGRESSIVE;
				CLANG_CXX_LANGUAGE_STANDARD = "gnu++20";
				CLANG_ENABLE_MODULES = YES;
				CLANG_ENABLE_OBJC_ARC = YES;
				CLANG_ENABLE_OBJC_WEAK = YES;
				CLANG_WARN_BLOCK_CAPTURE_AUTORELEASING = YES;
				CLANG_WARN_BOOL_CONVERSION = YES;
				CLANG_WARN_COMMA = YES;
				CLANG_WARN_CONSTANT_CONVERSION = YES;
				CLANG_WARN_DEPRECATED_OBJC_IMPLEMENTATIONS = YES;
				CLANG_WARN_DIRECT_OBJC_ISA_USAGE = YES_ERROR;
				CLANG_WARN_DOCUMENTATION_COMMENTS = YES;
				CLANG_WARN_EMPTY_BODY = YES;
				CLANG_WARN_ENUM_CONVERSION = YES;
				CLANG_WARN_INFINITE_RECURSION = YES;
				CLANG_WARN_INT_CONVERSION = YES;
				CLANG_WARN_NON_LITERAL_NULL_CONVERSION = YES;
				CLANG_WARN_OBJC_IMPLICIT_RETAIN_SELF = YES;
				CLANG_WARN_OBJC_LITERAL_CONVERSION = YES;
				CLANG_WARN_OBJC_ROOT_CLASS = YES_ERROR;
				CLANG_WARN_QUOTED_INCLUDE_IN_FRAMEWORK_HEADER = YES;
				CLANG_WARN_RANGE_LOOP_ANALYSIS = YES;
				CLANG_WARN_STRICT_PROTOTYPES = YES;
				CLANG_WARN_SUSPICIOUS_MOVE = YES;
				CLANG_WARN_UNGUARDED_AVAILABILITY = YES_AGGRESSIVE;
				CLANG_WARN_UNREACHABLE_CODE = YES;
				CLANG_WARN__DUPLICATE_METHOD_MATCH = YES;
				COPY_PHASE_STRIP = NO;
				DEBUG_INFORMATION_FORMAT = "dwarf-with-dsym";
				ENABLE_NS_ASSERTIONS = NO;
				ENABLE_STRICT_OBJC_MSGSEND = YES;
				ENABLE_USER_SCRIPT_SANDBOXING = YES;
				GCC_C_LANGUAGE_STANDARD = gnu17;
				GCC_NO_COMMON_BLOCKS = YES;
				GCC_WARN_64_TO_32_BIT_CONVERSION = YES;
				GCC_WARN_ABOUT_RETURN_TYPE = YES_ERROR;
				GCC_WARN_UNDECLARED_SELECTOR = YES;
				GCC_WARN_UNINITIALIZED_AUTOS = YES_AGGRESSIVE;
				GCC_WARN_UNUSED_FUNCTION = YES;
				GCC_WARN_UNUSED_VARIABLE = YES;
				IPHONEOS_DEPLOYMENT_TARGET = 18.0;
				LOCALIZATION_PREFERS_STRING_CATALOGS = YES;
				MTL_ENABLE_DEBUG_INFO = NO;
				MTL_FAST_MATH = YES;
				SDKROOT = iphoneos;
				SWIFT_COMPILATION_MODE = wholemodule;
				VALIDATE_PRODUCT = YES;
			};
			name = Release;
		};
		D5E62D322CB65C8F00049856 /* Debug */ = {
			isa = XCBuildConfiguration;
			buildSettings = {
				ASSETCATALOG_COMPILER_APPICON_NAME = AppIcon;
				ASSETCATALOG_COMPILER_GLOBAL_ACCENT_COLOR_NAME = AccentColor;
				CODE_SIGN_STYLE = Automatic;
				CURRENT_PROJECT_VERSION = 1;
				DEVELOPMENT_ASSET_PATHS = "\"JobHunter/Preview Content\"";
				DEVELOPMENT_TEAM = VT76HWWZKL;
				ENABLE_PREVIEWS = YES;
				GENERATE_INFOPLIST_FILE = YES;
				INFOPLIST_KEY_UIApplicationSceneManifest_Generation = YES;
				INFOPLIST_KEY_UIApplicationSupportsIndirectInputEvents = YES;
				INFOPLIST_KEY_UILaunchScreen_Generation = YES;
				INFOPLIST_KEY_UISupportedInterfaceOrientations_iPad = "UIInterfaceOrientationPortrait UIInterfaceOrientationPortraitUpsideDown UIInterfaceOrientationLandscapeLeft UIInterfaceOrientationLandscapeRight";
				INFOPLIST_KEY_UISupportedInterfaceOrientations_iPhone = "UIInterfaceOrientationPortrait UIInterfaceOrientationLandscapeLeft UIInterfaceOrientationLandscapeRight";
				LD_RUNPATH_SEARCH_PATHS = (
					"$(inherited)",
					"@executable_path/Frameworks",
				);
				MARKETING_VERSION = 1.0;
				PRODUCT_BUNDLE_IDENTIFIER = NikLab.JobHunter;
				PRODUCT_NAME = "$(TARGET_NAME)";
				SWIFT_EMIT_LOC_STRINGS = YES;
				SWIFT_VERSION = 5.0;
				TARGETED_DEVICE_FAMILY = "1,2";
			};
			name = Debug;
		};
		D5E62D332CB65C8F00049856 /* Release */ = {
			isa = XCBuildConfiguration;
			buildSettings = {
				ASSETCATALOG_COMPILER_APPICON_NAME = AppIcon;
				ASSETCATALOG_COMPILER_GLOBAL_ACCENT_COLOR_NAME = AccentColor;
				CODE_SIGN_STYLE = Automatic;
				CURRENT_PROJECT_VERSION = 1;
				DEVELOPMENT_ASSET_PATHS = "\"JobHunter/Preview Content\"";
				DEVELOPMENT_TEAM = VT76HWWZKL;
				ENABLE_PREVIEWS = YES;
				GENERATE_INFOPLIST_FILE = YES;
				INFOPLIST_KEY_UIApplicationSceneManifest_Generation = YES;
				INFOPLIST_KEY_UIApplicationSupportsIndirectInputEvents = YES;
				INFOPLIST_KEY_UILaunchScreen_Generation = YES;
				INFOPLIST_KEY_UISupportedInterfaceOrientations_iPad = "UIInterfaceOrientationPortrait UIInterfaceOrientationPortraitUpsideDown UIInterfaceOrientationLandscapeLeft UIInterfaceOrientationLandscapeRight";
				INFOPLIST_KEY_UISupportedInterfaceOrientations_iPhone = "UIInterfaceOrientationPortrait UIInterfaceOrientationLandscapeLeft UIInterfaceOrientationLandscapeRight";
				LD_RUNPATH_SEARCH_PATHS = (
					"$(inherited)",
					"@executable_path/Frameworks",
				);
				MARKETING_VERSION = 1.0;
				PRODUCT_BUNDLE_IDENTIFIER = NikLab.JobHunter;
				PRODUCT_NAME = "$(TARGET_NAME)";
				SWIFT_EMIT_LOC_STRINGS = YES;
				SWIFT_VERSION = 5.0;
				TARGETED_DEVICE_FAMILY = "1,2";
			};
			name = Release;
		};
		D5E62D352CB65C8F00049856 /* Debug */ = {
			isa = XCBuildConfiguration;
			buildSettings = {
				BUNDLE_LOADER = "$(TEST_HOST)";
				CODE_SIGN_STYLE = Automatic;
				CURRENT_PROJECT_VERSION = 1;
				DEVELOPMENT_TEAM = VT76HWWZKL;
				GENERATE_INFOPLIST_FILE = YES;
				IPHONEOS_DEPLOYMENT_TARGET = 18.0;
				MARKETING_VERSION = 1.0;
				PRODUCT_BUNDLE_IDENTIFIER = NikLab.JobHunterTests;
				PRODUCT_NAME = "$(TARGET_NAME)";
				SWIFT_EMIT_LOC_STRINGS = NO;
				SWIFT_VERSION = 5.0;
				TARGETED_DEVICE_FAMILY = "1,2";
				TEST_HOST = "$(BUILT_PRODUCTS_DIR)/JobHunter.app/$(BUNDLE_EXECUTABLE_FOLDER_PATH)/JobHunter";
			};
			name = Debug;
		};
		D5E62D362CB65C8F00049856 /* Release */ = {
			isa = XCBuildConfiguration;
			buildSettings = {
				BUNDLE_LOADER = "$(TEST_HOST)";
				CODE_SIGN_STYLE = Automatic;
				CURRENT_PROJECT_VERSION = 1;
				DEVELOPMENT_TEAM = VT76HWWZKL;
				GENERATE_INFOPLIST_FILE = YES;
				IPHONEOS_DEPLOYMENT_TARGET = 18.0;
				MARKETING_VERSION = 1.0;
				PRODUCT_BUNDLE_IDENTIFIER = NikLab.JobHunterTests;
				PRODUCT_NAME = "$(TARGET_NAME)";
				SWIFT_EMIT_LOC_STRINGS = NO;
				SWIFT_VERSION = 5.0;
				TARGETED_DEVICE_FAMILY = "1,2";
				TEST_HOST = "$(BUILT_PRODUCTS_DIR)/JobHunter.app/$(BUNDLE_EXECUTABLE_FOLDER_PATH)/JobHunter";
			};
			name = Release;
		};
		D5E62D382CB65C8F00049856 /* Debug */ = {
			isa = XCBuildConfiguration;
			buildSettings = {
				CODE_SIGN_STYLE = Automatic;
				CURRENT_PROJECT_VERSION = 1;
				DEVELOPMENT_TEAM = VT76HWWZKL;
				GENERATE_INFOPLIST_FILE = YES;
				MARKETING_VERSION = 1.0;
				PRODUCT_BUNDLE_IDENTIFIER = NikLab.JobHunterUITests;
				PRODUCT_NAME = "$(TARGET_NAME)";
				SWIFT_EMIT_LOC_STRINGS = NO;
				SWIFT_VERSION = 5.0;
				TARGETED_DEVICE_FAMILY = "1,2";
				TEST_TARGET_NAME = JobHunter;
			};
			name = Debug;
		};
		D5E62D392CB65C8F00049856 /* Release */ = {
			isa = XCBuildConfiguration;
			buildSettings = {
				CODE_SIGN_STYLE = Automatic;
				CURRENT_PROJECT_VERSION = 1;
				DEVELOPMENT_TEAM = VT76HWWZKL;
				GENERATE_INFOPLIST_FILE = YES;
				MARKETING_VERSION = 1.0;
				PRODUCT_BUNDLE_IDENTIFIER = NikLab.JobHunterUITests;
				PRODUCT_NAME = "$(TARGET_NAME)";
				SWIFT_EMIT_LOC_STRINGS = NO;
				SWIFT_VERSION = 5.0;
				TARGETED_DEVICE_FAMILY = "1,2";
				TEST_TARGET_NAME = JobHunter;
			};
			name = Release;
		};
/* End XCBuildConfiguration section */

/* Begin XCConfigurationList section */
		D5E62D082CB65C8A00049856 /* Build configuration list for PBXProject "JobHunter" */ = {
			isa = XCConfigurationList;
			buildConfigurations = (
				D5E62D2F2CB65C8F00049856 /* Debug */,
				D5E62D302CB65C8F00049856 /* Release */,
			);
			defaultConfigurationIsVisible = 0;
			defaultConfigurationName = Release;
		};
		D5E62D312CB65C8F00049856 /* Build configuration list for PBXNativeTarget "JobHunter" */ = {
			isa = XCConfigurationList;
			buildConfigurations = (
				D5E62D322CB65C8F00049856 /* Debug */,
				D5E62D332CB65C8F00049856 /* Release */,
			);
			defaultConfigurationIsVisible = 0;
			defaultConfigurationName = Release;
		};
		D5E62D342CB65C8F00049856 /* Build configuration list for PBXNativeTarget "JobHunterTests" */ = {
			isa = XCConfigurationList;
			buildConfigurations = (
				D5E62D352CB65C8F00049856 /* Debug */,
				D5E62D362CB65C8F00049856 /* Release */,
			);
			defaultConfigurationIsVisible = 0;
			defaultConfigurationName = Release;
		};
		D5E62D372CB65C8F00049856 /* Build configuration list for PBXNativeTarget "JobHunterUITests" */ = {
			isa = XCConfigurationList;
			buildConfigurations = (
				D5E62D382CB65C8F00049856 /* Debug */,
				D5E62D392CB65C8F00049856 /* Release */,
			);
			defaultConfigurationIsVisible = 0;
			defaultConfigurationName = Release;
		};
/* End XCConfigurationList section */
	};
	rootObject = D5E62D052CB65C8A00049856 /* Project object */;
}
